
Microsoft Visual Studio Solution File, Format Version 12.00
# Visual Studio Version 17
VisualStudioVersion = 17.9.34902.65
MinimumVisualStudioVersion = 10.0.40219.1
Project("{FAE04EC0-301F-11D3-BF4B-00C04F79EFBC}") = "dotnetweb", "dotnetweb\dotnetweb.csproj", "{B2C44CE8-9B73-426B-8A9D-C2990C3BA016}"
EndProject
Global
	GlobalSection(SolutionConfigurationPlatforms) = preSolution
		Debug|Any CPU = Debug|Any CPU
		Release|Any CPU = Release|Any CPU
	EndGlobalSection
	GlobalSection(ProjectConfigurationPlatforms) = postSolution
		{B2C44CE8-9B73-426B-8A9D-C2990C3BA016}.Debug|Any CPU.ActiveCfg = Debug|Any CPU
		{B2C44CE8-9B73-426B-8A9D-C2990C3BA016}.Debug|Any CPU.Build.0 = Debug|Any CPU
		{B2C44CE8-9B73-426B-8A9D-C2990C3BA016}.Release|Any CPU.ActiveCfg = Release|Any CPU
		{B2C44CE8-9B73-426B-8A9D-C2990C3BA016}.Release|Any CPU.Build.0 = Release|Any CPU
	EndGlobalSection
	GlobalSection(SolutionProperties) = preSolution
		HideSolutionNode = FALSE
	EndGlobalSection
	GlobalSection(ExtensibilityGlobals) = postSolution
		SolutionGuid = {6E1F6519-F7B0-43FD-81F1-248814DC76CF}
	EndGlobalSection
EndGlobal
